# THIS IS AN AUTOGENERATED FILE. DO NOT EDIT THIS FILE DIRECTLY.
# yarn lockfile v1


"@lvksh/logger@1.5.2":
  version "1.5.2"
  resolved "https://registry.yarnpkg.com/@lvksh/logger/-/logger-1.5.2.tgz#4bdf255edf008a4e746596f1e574b77807c629fb"
  integrity sha512-BpzPz2y0K4y/u8yeOIwYKrsRgRJmPsA7RLdllLJ8kMes7up8o/xKf+9LKHul4uvZYd4xR4YoK+3MYDGwEMTOBg==

"@prokopschield/argv@^0.1.0-2":
  version "0.1.0"
  resolved "https://registry.yarnpkg.com/@prokopschield/argv/-/argv-0.1.0.tgz#b441f6e4e0c88828d1d4bb60dd328843ef82f5c5"
  integrity sha512-qxlexMOQjxQEMDrQXPvuyEhK6E8mHZOcG33VpcuRf7ppBCssFVQcZoWsBaEBjWu/ipVAlNPqUg1EXuPFe8HYmQ==

"@prokopschield/registry@^0.1.0-3":
  version "0.1.0-3"
  resolved "https://registry.yarnpkg.com/@prokopschield/registry/-/registry-0.1.0-3.tgz#8d851f6d03f9039ed65924296d4f02a2b64a4fea"
  integrity sha512-r5DclBLMivyhU4ispWnAaGF8B6RdcA2DLlPuc8iQNesjoojgXFZuLXWlFGCwgwV78T+6EizNpm1kYAP9TKgSew==
  dependencies:
    doge-json "^1.2.8"
    ps-std "^0.1.0"
    require-gpl "^0.1.1"
    ts-hound "^1.0.8"

"@socket.io/component-emitter@~3.1.0":
  version "3.1.0"
  resolved "https://registry.yarnpkg.com/@socket.io/component-emitter/-/component-emitter-3.1.0.tgz#96116f2a912e0c02817345b3c10751069920d553"
  integrity sha512-+9jVqKhRSpsc591z5vX+X5Yyw+he/HCB4iQ/RYxw35CEPaY1gnsNE43nf9n9AaYjAQrTiI/mOwKUKdUs9vf7Xg==

"@types/mime-types@^2.1.1":
  version "2.1.1"
  resolved "https://registry.yarnpkg.com/@types/mime-types/-/mime-types-2.1.1.tgz#d9ba43490fa3a3df958759adf69396c3532cf2c1"
  integrity sha512-vXOTGVSLR2jMw440moWTC7H19iUyLtP3Z1YTj7cSsubOICinjMxFeb/V57v9QdyyPGbbWolUFSSmSiRSn94tFw==

"@types/node-fetch@^2.6.2":
  version "2.6.2"
  resolved "https://registry.yarnpkg.com/@types/node-fetch/-/node-fetch-2.6.2.tgz#d1a9c5fd049d9415dce61571557104dec3ec81da"
  integrity sha512-DHqhlq5jeESLy19TYhLakJ07kNumXWjcDdxXsLUMJZ6ue8VZJj4kLPQVE/2mdHh3xZziNF1xppu5lwmS53HR+A==
  dependencies:
    "@types/node" "*"
    form-data "^3.0.0"

"@types/node@*":
  version "18.0.3"
  resolved "https://registry.yarnpkg.com/@types/node/-/node-18.0.3.tgz#463fc47f13ec0688a33aec75d078a0541a447199"
  integrity sha512-HzNRZtp4eepNitP+BD6k2L6DROIDG4Q0fm4x+dwfsr6LGmROENnok75VGw40628xf+iR24WeMFcHuuBDUAzzsQ==

"@types/node@^14":
  version "14.18.21"
  resolved "https://registry.yarnpkg.com/@types/node/-/node-14.18.21.tgz#0155ee46f6be28b2ff0342ca1a9b9fd4468bef41"
  integrity sha512-x5W9s+8P4XteaxT/jKF0PSb7XEvo5VmqEWgsMlyeY4ZlLK8I6aH6g5TPPyDlLAep+GYf4kefb7HFyc7PAO3m+Q==

asynckit@^0.4.0:
  version "0.4.0"
  resolved "https://registry.yarnpkg.com/asynckit/-/asynckit-0.4.0.tgz#c79ed97f7f34cb8f2ba1bc9790bcc366474b4b79"
  integrity sha512-Oei9OH4tRh0YqU3GxhX79dM/mwVgvbZJaSNaRk+bshkj0S5cfHcgYakreBjrHwatXKbz+IoIdYLxrKim2MjW0Q==

blakets@^0.1.10:
  version "0.1.10"
  resolved "https://registry.yarnpkg.com/blakets/-/blakets-0.1.10.tgz#3890455fc37ddaea0898ff595dcf052fcdf19329"
  integrity sha512-OCMDSp/l/H3LBaLeCX43EzXWa1m3UuGmt25K8Pc3xpHljPfcHDpMcWub3PNYCAh+KwReHl5iYgoLO02m0K/Pww==

blakets@^0.1.12-1:
  version "0.1.12-1"
  resolved "https://registry.yarnpkg.com/blakets/-/blakets-0.1.12-1.tgz#d330c6fe5fbc0fa73eaecd6f8508a665f2f89bb2"
  integrity sha512-ahUXQbMgUZN4ZW/k+bgfR2GnXCXdldTq54IGeRqsb5g+xCtTuCPvHEELT5gTgJ9IkJdDaaIH4vvJgc+g5d/nSA==
  dependencies:
    "@prokopschield/argv" "^0.1.0-2"

combined-stream@^1.0.8:
  version "1.0.8"
  resolved "https://registry.yarnpkg.com/combined-stream/-/combined-stream-1.0.8.tgz#c3d45a8b34fd730631a110a8a2520682b31d5a7f"
  integrity sha512-FQN4MRfuJeHf7cBbBMJFXhKSDq+2kAArBlmRBvcvFE5BB1HZKXtSFASDhdlz9zOYwxh8lDdnvmMOe/+5cdoEdg==
  dependencies:
    delayed-stream "~1.0.0"

debug@~4.3.1:
  version "4.3.3"
  resolved "https://registry.yarnpkg.com/debug/-/debug-4.3.3.tgz#04266e0b70a98d4462e6e288e38259213332b664"
  integrity sha512-/zxw5+vh1Tfv+4Qn7a5nsbcJKPaSvCDhojn6FEl9vupwK2VCSDtEiEtqr8DFtzYFOdz63LBkxec7DYuc2jon6Q==
  dependencies:
    ms "2.1.2"

debug@~4.3.2:
  version "4.3.4"
  resolved "https://registry.yarnpkg.com/debug/-/debug-4.3.4.tgz#1319f6579357f2338d3337d2cdd4914bb5dcc865"
  integrity sha512-PRWFHuSU3eDtQJPvnNY7Jcket1j0t5OuOsFzPPzsekD52Zl8qUfFIPEiswXqIvHWGVHOgX+7G/vCNNhehwxfkQ==
  dependencies:
    ms "2.1.2"

delayed-stream@~1.0.0:
  version "1.0.0"
  resolved "https://registry.yarnpkg.com/delayed-stream/-/delayed-stream-1.0.0.tgz#df3ae199acadfb7d440aaae0b29e2272b24ec619"
  integrity sha512-ZySD7Nf91aLB0RxL4KGrKHBXl7Eds1DAmEdcoVawXnLD7SDhpNgtuII2aAkg7a7QS41jxPSZ17p4VdGnMHk3MQ==

doge-config@^0.3.18:
  version "0.3.18"
  resolved "https://registry.yarnpkg.com/doge-config/-/doge-config-0.3.18.tgz#3879bba003ff9e2922e680f2e34dc4957b1401eb"
  integrity sha512-VxTRVBNJDjpVrui+8YZ/wLASGaxqS/GyZYiWWgVnDDicqTtOZVmAAUlcdrHpDoleMs35ULUgEkpl0TA5rMJKpQ==
  dependencies:
    doge-json "^1.2.8"

doge-json@^1.2.7, doge-json@^1.2.8:
  version "1.2.8"
  resolved "https://registry.yarnpkg.com/doge-json/-/doge-json-1.2.8.tgz#e4c5f51143721d64a1169441be8539680d6439d6"
  integrity sha512-C5BpA66G4XLi0EiUq2ZUIeX3MKoD2ceFxMcjyUlxONiCtMW6sm5O+UDpnJ5gkOBWvNngT94tz0AKXPaPfqOtAQ==

doge-pow@^0.1.0-4:
  version "0.1.0-4"
  resolved "https://registry.yarnpkg.com/doge-pow/-/doge-pow-0.1.0-4.tgz#286f0bfaf48f11b18f93938ed49e8d1217fad85e"
  integrity sha512-3BabNcB4aMVeAFUg2Km0EStaNxzpRAB+57g46k4ei1x5nMk79KkGVsfGgGj0ZqecIR73a+qcT4RuUTGlHiBn5g==
  dependencies:
    blakets "^0.1.10"

engine.io-client@~6.2.3:
  version "6.2.3"
  resolved "https://registry.yarnpkg.com/engine.io-client/-/engine.io-client-6.2.3.tgz#a8cbdab003162529db85e9de31575097f6d29458"
  integrity sha512-aXPtgF1JS3RuuKcpSrBtimSjYvrbhKW9froICH4s0F3XQWLxsKNxqzG39nnvQZQnva4CMvUK63T7shevxRyYHw==
  dependencies:
    "@socket.io/component-emitter" "~3.1.0"
    debug "~4.3.1"
    engine.io-parser "~5.0.3"
    ws "~8.2.3"
    xmlhttprequest-ssl "~2.0.0"

engine.io-parser@~5.0.3:
  version "5.0.6"
  resolved "https://registry.yarnpkg.com/engine.io-parser/-/engine.io-parser-5.0.6.tgz#7811244af173e157295dec9b2718dfe42a64ef45"
  integrity sha512-tjuoZDMAdEhVnSFleYPCtdL2GXwVTGtNjoeJd9IhIG3C1xs9uwxqRNEu5WpnDZCaozwVlK/nuQhpodhXSIMaxw==

form-data@^3.0.0:
  version "3.0.1"
  resolved "https://registry.yarnpkg.com/form-data/-/form-data-3.0.1.tgz#ebd53791b78356a99af9a300d4282c4d5eb9755f"
  integrity sha512-RHkBKtLWUVwd7SqRIvCZMEvAMoGUp0XU+seQiZejj0COz3RI3hWP4sCv3gZWWLjJTd7rGwcsF5eKZGii0r/hbg==
  dependencies:
    asynckit "^0.4.0"
    combined-stream "^1.0.8"
    mime-types "^2.1.12"

mime-db@1.52.0:
  version "1.52.0"
  resolved "https://registry.yarnpkg.com/mime-db/-/mime-db-1.52.0.tgz#bbabcdc02859f4987301c856e3387ce5ec43bf70"
  integrity sha512-sPU4uV7dYlvtWJxwwxHD0PuihVNiE7TyAbQ5SWxDCB9mUYvOgroQOwYQQOKPJ8CIbE+1ETVlOoK1UC2nU3gYvg==

mime-types@^2.1.12:
  version "2.1.35"
  resolved "https://registry.yarnpkg.com/mime-types/-/mime-types-2.1.35.tgz#381a871b62a734450660ae3deee44813f70d959a"
  integrity sha512-ZDY+bPm5zTTF+YpCrAU9nK0UgICYPT0QtT1NZWFv4s++TNkcgVaT0g6+4R2uI4MjQjzysHB1zxuWL50hzaeXiw==
  dependencies:
    mime-db "1.52.0"

ms@2.1.2:
  version "2.1.2"
  resolved "https://registry.yarnpkg.com/ms/-/ms-2.1.2.tgz#d09d1f357b443f493382a8eb3ccd183872ae6009"
  integrity sha512-sGkPx+VjMtmA6MX27oA4FBFELFCZZ4S4XqeGOXCv68tT+jb3vk/RyaKWP0PTKyWtmLSM0b+adUTEvbs1PEaH2w==

node-fetch@^2.6.7:
  version "2.6.7"
  resolved "https://registry.yarnpkg.com/node-fetch/-/node-fetch-2.6.7.tgz#24de9fba827e3b4ae44dc8b20256a379160052ad"
  integrity sha512-ZjMPFEfVx5j+y2yF35Kzx5sF7kDzxuDj6ziH4FFbOp87zKDZNx8yExJIb05OGF4Nlt9IHFIMBkRl41VdvcNdbQ==
  dependencies:
    whatwg-url "^5.0.0"

nodesite.eu-core@^1.3.2:
  version "1.3.2"
  resolved "https://registry.yarnpkg.com/nodesite.eu-core/-/nodesite.eu-core-1.3.2.tgz#1dc424f84af979b69a95c09dbabadd4d7ac6340d"
  integrity sha512-JMtbGTuKnnXdM0vK5+2phpALi6CA6w7ZK2fOJvTuJ3t1jN3kdciKgPAlzaYVD/rMTllqwCF/yac6v9zpln+FbQ==
  dependencies:
    "@lvksh/logger" "1.5.2"
    socket.io-client "^4.5.4"

ps-std@^0.1.0:
  version "0.1.0"
  resolved "https://registry.yarnpkg.com/ps-std/-/ps-std-0.1.0.tgz#e6114b5e68f62126ab793ea4e55067d2c4edb98b"
  integrity sha512-/kPueh6atPXWsDDqsfcrppiAJS8zwwduobn49/0+YwLyb2JkY/cMhZ8lTR7uCq4Z68smcRWEvDVcFlWIrRmi6A==

ps-std@^0.1.6:
  version "0.1.6"
  resolved "https://registry.yarnpkg.com/ps-std/-/ps-std-0.1.6.tgz#028f1a7fd4af2d685de54df3f1f94b7df7f9dd03"
  integrity sha512-363nSS/KXlvf92zDPo3BEJ5Ghwuzf/RQUpg4VkK/lsXol6Fxmt88qofiuhmvQfeAD1XYySeX13updBNwATRYRA==

require-gpl@^0.1.1:
  version "0.1.1"
  resolved "https://registry.yarnpkg.com/require-gpl/-/require-gpl-0.1.1.tgz#010152f7b91178f47f2eb7602617e3a58f2becf2"
  integrity sha512-IB5nYqvAD7Q4SMJzSXHA0E1aW69dKqWWeXn04mu7TDRKhsmZKcv+D/o+QNmwrPlUOzVOX2f39pGqlehlPk09RA==
  dependencies:
    doge-json "^1.2.7"

socket.io-client@^4.5.4:
  version "4.5.4"
  resolved "https://registry.yarnpkg.com/socket.io-client/-/socket.io-client-4.5.4.tgz#d3cde8a06a6250041ba7390f08d2468ccebc5ac9"
  integrity sha512-ZpKteoA06RzkD32IbqILZ+Cnst4xewU7ZYK12aS1mzHftFFjpoMz69IuhP/nL25pJfao/amoPI527KnuhFm01g==
  dependencies:
    "@socket.io/component-emitter" "~3.1.0"
    debug "~4.3.2"
    engine.io-client "~6.2.3"
    socket.io-parser "~4.2.1"

socket.io-parser@~4.2.1:
  version "4.2.2"
  resolved "https://registry.yarnpkg.com/socket.io-parser/-/socket.io-parser-4.2.2.tgz#1dd384019e25b7a3d374877f492ab34f2ad0d206"
  integrity sha512-DJtziuKypFkMMHCm2uIshOYC7QaylbtzQwiMYDuCKy3OPkjLzu4B2vAhTlqipRHHzrI0NJeBAizTK7X+6m1jVw==
  dependencies:
    "@socket.io/component-emitter" "~3.1.0"
    debug "~4.3.1"

tr46@~0.0.3:
  version "0.0.3"
  resolved "https://registry.yarnpkg.com/tr46/-/tr46-0.0.3.tgz#8184fd347dac9cdc185992f3a6622e14b9d9ab6a"
  integrity sha1-gYT9NH2snNwYWZLzpmIuFLnZq2o=

ts-hound@^1.0.8:
  version "1.0.8"
  resolved "https://registry.yarnpkg.com/ts-hound/-/ts-hound-1.0.8.tgz#2f049771f9d0532788e093d2798070ea7b807d58"
  integrity sha512-OiM+kPGlAaBGhKDTRR0NFe4wR0n9kQVoJ9cj/KJ0yvmSFc73b/lcHsYXGJJwlNKtKrCeHZq5/cvWaqHbgPpkyQ==

webidl-conversions@^3.0.0:
  version "3.0.1"
  resolved "https://registry.yarnpkg.com/webidl-conversions/-/webidl-conversions-3.0.1.tgz#24534275e2a7bc6be7bc86611cc16ae0a5654871"
  integrity sha1-JFNCdeKnvGvnvIZhHMFq4KVlSHE=

whatwg-url@^5.0.0:
  version "5.0.0"
  resolved "https://registry.yarnpkg.com/whatwg-url/-/whatwg-url-5.0.0.tgz#966454e8765462e37644d3626f6742ce8b70965d"
  integrity sha1-lmRU6HZUYuN2RNNib2dCzotwll0=
  dependencies:
    tr46 "~0.0.3"
    webidl-conversions "^3.0.0"

ws@~8.2.3:
  version "8.2.3"
  resolved "https://registry.yarnpkg.com/ws/-/ws-8.2.3.tgz#63a56456db1b04367d0b721a0b80cae6d8becbba"
  integrity sha512-wBuoj1BDpC6ZQ1B7DWQBYVLphPWkm8i9Y0/3YdHjHKHiohOJ1ws+3OccDWtH+PoC9DZD5WOTrJvNbWvjS6JWaA==

xmlhttprequest-ssl@~2.0.0:
  version "2.0.0"
  resolved "https://registry.yarnpkg.com/xmlhttprequest-ssl/-/xmlhttprequest-ssl-2.0.0.tgz#91360c86b914e67f44dce769180027c0da618c67"
  integrity sha512-QKxVRxiRACQcVuQEYFsI1hhkrMlrXHPegbbd1yn9UHOmRxY+si12nQYzri3vbzt8VdTTRviqcKxcyllFas5z2A==
